
Microsoft Visual Studio Solution File, Format Version 12.00
Project("{FAE04EC0-301F-11D3-BF4B-00C04F79EFBC}") = "CassieCoreLibTests", "CassieCoreLibTests\CassieCoreLibTests.csproj", "{C1BF38D5-B641-4392-B555-25E416F92A5E}"
EndProject
Project("{FAE04EC0-301F-11D3-BF4B-00C04F79EFBC}") = "CassieCoreLib", "CassieCoreLib\CassieCoreLib.csproj", "{DBA594A1-007A-480B-BF44-6D65830E9F09}"
EndProject
Project("{FAE04EC0-301F-11D3-BF4B-00C04F79EFBC}") = "CassieConsole", "CassieConsole\CassieConsole.csproj", "{49C42CA9-C7F3-4C82-885E-D521E917FAFF}"
EndProject
Project("{FAE04EC0-301F-11D3-BF4B-00C04F79EFBC}") = "DockerExamples", "DockerExamples\DockerExamples.csproj", "{5A1C7B0F-5C81-4BF4-A508-EA78BB57F1DC}"
EndProject
Project("{FAE04EC0-301F-11D3-BF4B-00C04F79EFBC}") = "DockerForTests", "DockerForTests\DockerForTests.csproj", "{6B79646A-22F5-4DDA-AAC5-06CFB5EB36B3}"
EndProject
Global
	GlobalSection(SolutionConfigurationPlatforms) = preSolution
		Debug|Any CPU = Debug|Any CPU
		Release|Any CPU = Release|Any CPU
	EndGlobalSection
	GlobalSection(ProjectConfigurationPlatforms) = postSolution
		{C1BF38D5-B641-4392-B555-25E416F92A5E}.Debug|Any CPU.ActiveCfg = Debug|Any CPU
		{C1BF38D5-B641-4392-B555-25E416F92A5E}.Debug|Any CPU.Build.0 = Debug|Any CPU
		{C1BF38D5-B641-4392-B555-25E416F92A5E}.Release|Any CPU.ActiveCfg = Release|Any CPU
		{C1BF38D5-B641-4392-B555-25E416F92A5E}.Release|Any CPU.Build.0 = Release|Any CPU
		{DBA594A1-007A-480B-BF44-6D65830E9F09}.Debug|Any CPU.ActiveCfg = Debug|Any CPU
		{DBA594A1-007A-480B-BF44-6D65830E9F09}.Debug|Any CPU.Build.0 = Debug|Any CPU
		{DBA594A1-007A-480B-BF44-6D65830E9F09}.Release|Any CPU.ActiveCfg = Release|Any CPU
		{DBA594A1-007A-480B-BF44-6D65830E9F09}.Release|Any CPU.Build.0 = Release|Any CPU
		{49C42CA9-C7F3-4C82-885E-D521E917FAFF}.Debug|Any CPU.ActiveCfg = Debug|Any CPU
		{49C42CA9-C7F3-4C82-885E-D521E917FAFF}.Debug|Any CPU.Build.0 = Debug|Any CPU
		{49C42CA9-C7F3-4C82-885E-D521E917FAFF}.Release|Any CPU.ActiveCfg = Release|Any CPU
		{49C42CA9-C7F3-4C82-885E-D521E917FAFF}.Release|Any CPU.Build.0 = Release|Any CPU
		{5A1C7B0F-5C81-4BF4-A508-EA78BB57F1DC}.Debug|Any CPU.ActiveCfg = Debug|Any CPU
		{5A1C7B0F-5C81-4BF4-A508-EA78BB57F1DC}.Debug|Any CPU.Build.0 = Debug|Any CPU
		{5A1C7B0F-5C81-4BF4-A508-EA78BB57F1DC}.Release|Any CPU.ActiveCfg = Release|Any CPU
		{5A1C7B0F-5C81-4BF4-A508-EA78BB57F1DC}.Release|Any CPU.Build.0 = Release|Any CPU
		{6B79646A-22F5-4DDA-AAC5-06CFB5EB36B3}.Debug|Any CPU.ActiveCfg = Debug|Any CPU
		{6B79646A-22F5-4DDA-AAC5-06CFB5EB36B3}.Debug|Any CPU.Build.0 = Debug|Any CPU
		{6B79646A-22F5-4DDA-AAC5-06CFB5EB36B3}.Release|Any CPU.ActiveCfg = Release|Any CPU
		{6B79646A-22F5-4DDA-AAC5-06CFB5EB36B3}.Release|Any CPU.Build.0 = Release|Any CPU
	EndGlobalSection
EndGlobal
